// !$*UTF8*$!
{
	archiveVersion = 1;
	classes = {
	};
	objectVersion = 55;
	objects = {

/* Begin PBXBuildFile section */
		6A58D3D827C46601006AC419 /* Tests_iOS.swift in Sources */ = {isa = PBXBuildFile; fileRef = 6A58D3D727C46601006AC419 /* Tests_iOS.swift */; };
		6A58D3DA27C46601006AC419 /* Tests_iOSLaunchTests.swift in Sources */ = {isa = PBXBuildFile; fileRef = 6A58D3D927C46601006AC419 /* Tests_iOSLaunchTests.swift */; };
		6A58D3E427C46602006AC419 /* Tests_macOS.swift in Sources */ = {isa = PBXBuildFile; fileRef = 6A58D3E327C46602006AC419 /* Tests_macOS.swift */; };
		6A58D3E627C46602006AC419 /* Tests_macOSLaunchTests.swift in Sources */ = {isa = PBXBuildFile; fileRef = 6A58D3E527C46602006AC419 /* Tests_macOSLaunchTests.swift */; };
		6A58D3E727C46602006AC419 /* MIDIary.xcdatamodeld in Sources */ = {isa = PBXBuildFile; fileRef = 6A58D3BC27C46601006AC419 /* MIDIary.xcdatamodeld */; };
		6A58D3E827C46602006AC419 /* MIDIary.xcdatamodeld in Sources */ = {isa = PBXBuildFile; fileRef = 6A58D3BC27C46601006AC419 /* MIDIary.xcdatamodeld */; };
		6A58D3E927C46602006AC419 /* MIDIaryApp.swift in Sources */ = {isa = PBXBuildFile; fileRef = 6A58D3BE27C46601006AC419 /* MIDIaryApp.swift */; };
		6A58D3EA27C46602006AC419 /* MIDIaryApp.swift in Sources */ = {isa = PBXBuildFile; fileRef = 6A58D3BE27C46601006AC419 /* MIDIaryApp.swift */; };
		6A58D3EB27C46602006AC419 /* ContentView.swift in Sources */ = {isa = PBXBuildFile; fileRef = 6A58D3BF27C46601006AC419 /* ContentView.swift */; };
		6A58D3EC27C46602006AC419 /* ContentView.swift in Sources */ = {isa = PBXBuildFile; fileRef = 6A58D3BF27C46601006AC419 /* ContentView.swift */; };
		6A58D3ED27C46602006AC419 /* Persistence.swift in Sources */ = {isa = PBXBuildFile; fileRef = 6A58D3C027C46601006AC419 /* Persistence.swift */; };
		6A58D3EE27C46602006AC419 /* Persistence.swift in Sources */ = {isa = PBXBuildFile; fileRef = 6A58D3C027C46601006AC419 /* Persistence.swift */; };
		6A58D3EF27C46602006AC419 /* Assets.xcassets in Resources */ = {isa = PBXBuildFile; fileRef = 6A58D3C127C46601006AC419 /* Assets.xcassets */; };
		6A58D3F027C46602006AC419 /* Assets.xcassets in Resources */ = {isa = PBXBuildFile; fileRef = 6A58D3C127C46601006AC419 /* Assets.xcassets */; };
/* End PBXBuildFile section */

/* Begin PBXContainerItemProxy section */
		6A58D3D427C46601006AC419 /* PBXContainerItemProxy */ = {
			isa = PBXContainerItemProxy;
			containerPortal = 6A58D3B727C46601006AC419 /* Project object */;
			proxyType = 1;
			remoteGlobalIDString = 6A58D3C527C46601006AC419;
			remoteInfo = "MIDIary (iOS)";
		};
		6A58D3E027C46602006AC419 /* PBXContainerItemProxy */ = {
			isa = PBXContainerItemProxy;
			containerPortal = 6A58D3B727C46601006AC419 /* Project object */;
			proxyType = 1;
			remoteGlobalIDString = 6A58D3CB27C46601006AC419;
			remoteInfo = "MIDIary (macOS)";
		};
/* End PBXContainerItemProxy section */

/* Begin PBXFileReference section */
		6A58D3BD27C46601006AC419 /* Shared.xcdatamodel */ = {isa = PBXFileReference; lastKnownFileType = wrapper.xcdatamodel; path = Shared.xcdatamodel; sourceTree = "<group>"; };
		6A58D3BE27C46601006AC419 /* MIDIaryApp.swift */ = {isa = PBXFileReference; lastKnownFileType = sourcecode.swift; path = MIDIaryApp.swift; sourceTree = "<group>"; };
		6A58D3BF27C46601006AC419 /* ContentView.swift */ = {isa = PBXFileReference; lastKnownFileType = sourcecode.swift; path = ContentView.swift; sourceTree = "<group>"; };
		6A58D3C027C46601006AC419 /* Persistence.swift */ = {isa = PBXFileReference; lastKnownFileType = sourcecode.swift; path = Persistence.swift; sourceTree = "<group>"; };
		6A58D3C127C46601006AC419 /* Assets.xcassets */ = {isa = PBXFileReference; lastKnownFileType = folder.assetcatalog; path = Assets.xcassets; sourceTree = "<group>"; };
		6A58D3C627C46601006AC419 /* MIDIary.app */ = {isa = PBXFileReference; explicitFileType = wrapper.application; includeInIndex = 0; path = MIDIary.app; sourceTree = BUILT_PRODUCTS_DIR; };
		6A58D3CC27C46601006AC419 /* MIDIary.app */ = {isa = PBXFileReference; explicitFileType = wrapper.application; includeInIndex = 0; path = MIDIary.app; sourceTree = BUILT_PRODUCTS_DIR; };
		6A58D3CE27C46601006AC419 /* macOS.entitlements */ = {isa = PBXFileReference; lastKnownFileType = text.plist.entitlements; path = macOS.entitlements; sourceTree = "<group>"; };
		6A58D3D327C46601006AC419 /* Tests iOS.xctest */ = {isa = PBXFileReference; explicitFileType = wrapper.cfbundle; includeInIndex = 0; path = "Tests iOS.xctest"; sourceTree = BUILT_PRODUCTS_DIR; };
		6A58D3D727C46601006AC419 /* Tests_iOS.swift */ = {isa = PBXFileReference; lastKnownFileType = sourcecode.swift; path = Tests_iOS.swift; sourceTree = "<group>"; };
		6A58D3D927C46601006AC419 /* Tests_iOSLaunchTests.swift */ = {isa = PBXFileReference; lastKnownFileType = sourcecode.swift; path = Tests_iOSLaunchTests.swift; sourceTree = "<group>"; };
		6A58D3DF27C46602006AC419 /* Tests macOS.xctest */ = {isa = PBXFileReference; explicitFileType = wrapper.cfbundle; includeInIndex = 0; path = "Tests macOS.xctest"; sourceTree = BUILT_PRODUCTS_DIR; };
		6A58D3E327C46602006AC419 /* Tests_macOS.swift */ = {isa = PBXFileReference; lastKnownFileType = sourcecode.swift; path = Tests_macOS.swift; sourceTree = "<group>"; };
		6A58D3E527C46602006AC419 /* Tests_macOSLaunchTests.swift */ = {isa = PBXFileReference; lastKnownFileType = sourcecode.swift; path = Tests_macOSLaunchTests.swift; sourceTree = "<group>"; };
/* End PBXFileReference section */

/* Begin PBXFrameworksBuildPhase section */
		6A58D3C327C46601006AC419 /* Frameworks */ = {
			isa = PBXFrameworksBuildPhase;
			buildActionMask = 2147483647;
			files = (
			);
			runOnlyForDeploymentPostprocessing = 0;
		};
		6A58D3C927C46601006AC419 /* Frameworks */ = {
			isa = PBXFrameworksBuildPhase;
			buildActionMask = 2147483647;
			files = (
			);
			runOnlyForDeploymentPostprocessing = 0;
		};
		6A58D3D027C46601006AC419 /* Frameworks */ = {
			isa = PBXFrameworksBuildPhase;
			buildActionMask = 2147483647;
			files = (
			);
			runOnlyForDeploymentPostprocessing = 0;
		};
		6A58D3DC27C46602006AC419 /* Frameworks */ = {
			isa = PBXFrameworksBuildPhase;
			buildActionMask = 2147483647;
			files = (
			);
			runOnlyForDeploymentPostprocessing = 0;
		};
/* End PBXFrameworksBuildPhase section */

/* Begin PBXGroup section */
		6A58D3B627C46601006AC419 = {
			isa = PBXGroup;
			children = (
				6A58D3BB27C46601006AC419 /* Shared */,
				6A58D3CD27C46601006AC419 /* macOS */,
				6A58D3D627C46601006AC419 /* Tests iOS */,
				6A58D3E227C46602006AC419 /* Tests macOS */,
				6A58D3C727C46601006AC419 /* Products */,
			);
			sourceTree = "<group>";
		};
		6A58D3BB27C46601006AC419 /* Shared */ = {
			isa = PBXGroup;
			children = (
				6A58D3BE27C46601006AC419 /* MIDIaryApp.swift */,
				6A58D3BF27C46601006AC419 /* ContentView.swift */,
				6A58D3C027C46601006AC419 /* Persistence.swift */,
				6A58D3C127C46601006AC419 /* Assets.xcassets */,
				6A58D3BC27C46601006AC419 /* MIDIary.xcdatamodeld */,
			);
			path = Shared;
			sourceTree = "<group>";
		};
		6A58D3C727C46601006AC419 /* Products */ = {
			isa = PBXGroup;
			children = (
				6A58D3C627C46601006AC419 /* MIDIary.app */,
				6A58D3CC27C46601006AC419 /* MIDIary.app */,
				6A58D3D327C46601006AC419 /* Tests iOS.xctest */,
				6A58D3DF27C46602006AC419 /* Tests macOS.xctest */,
			);
			name = Products;
			sourceTree = "<group>";
		};
		6A58D3CD27C46601006AC419 /* macOS */ = {
			isa = PBXGroup;
			children = (
				6A58D3CE27C46601006AC419 /* macOS.entitlements */,
			);
			path = macOS;
			sourceTree = "<group>";
		};
		6A58D3D627C46601006AC419 /* Tests iOS */ = {
			isa = PBXGroup;
			children = (
				6A58D3D727C46601006AC419 /* Tests_iOS.swift */,
				6A58D3D927C46601006AC419 /* Tests_iOSLaunchTests.swift */,
			);
			path = "Tests iOS";
			sourceTree = "<group>";
		};
		6A58D3E227C46602006AC419 /* Tests macOS */ = {
			isa = PBXGroup;
			children = (
				6A58D3E327C46602006AC419 /* Tests_macOS.swift */,
				6A58D3E527C46602006AC419 /* Tests_macOSLaunchTests.swift */,
			);
			path = "Tests macOS";
			sourceTree = "<group>";
		};
/* End PBXGroup section */

/* Begin PBXNativeTarget section */
		6A58D3C527C46601006AC419 /* MIDIary (iOS) */ = {
			isa = PBXNativeTarget;
			buildConfigurationList = 6A58D3F327C46602006AC419 /* Build configuration list for PBXNativeTarget "MIDIary (iOS)" */;
			buildPhases = (
				6A58D3C227C46601006AC419 /* Sources */,
				6A58D3C327C46601006AC419 /* Frameworks */,
				6A58D3C427C46601006AC419 /* Resources */,
			);
			buildRules = (
			);
			dependencies = (
			);
			name = "MIDIary (iOS)";
			productName = "MIDIary (iOS)";
			productReference = 6A58D3C627C46601006AC419 /* MIDIary.app */;
			productType = "com.apple.product-type.application";
		};
		6A58D3CB27C46601006AC419 /* MIDIary (macOS) */ = {
			isa = PBXNativeTarget;
			buildConfigurationList = 6A58D3F627C46602006AC419 /* Build configuration list for PBXNativeTarget "MIDIary (macOS)" */;
			buildPhases = (
				6A58D3C827C46601006AC419 /* Sources */,
				6A58D3C927C46601006AC419 /* Frameworks */,
				6A58D3CA27C46601006AC419 /* Resources */,
			);
			buildRules = (
			);
			dependencies = (
			);
			name = "MIDIary (macOS)";
			productName = "MIDIary (macOS)";
			productReference = 6A58D3CC27C46601006AC419 /* MIDIary.app */;
			productType = "com.apple.product-type.application";
		};
		6A58D3D227C46601006AC419 /* Tests iOS */ = {
			isa = PBXNativeTarget;
			buildConfigurationList = 6A58D3F927C46602006AC419 /* Build configuration list for PBXNativeTarget "Tests iOS" */;
			buildPhases = (
				6A58D3CF27C46601006AC419 /* Sources */,
				6A58D3D027C46601006AC419 /* Frameworks */,
				6A58D3D127C46601006AC419 /* Resources */,
			);
			buildRules = (
			);
			dependencies = (
				6A58D3D527C46601006AC419 /* PBXTargetDependency */,
			);
			name = "Tests iOS";
			productName = "Tests iOS";
			productReference = 6A58D3D327C46601006AC419 /* Tests iOS.xctest */;
			productType = "com.apple.product-type.bundle.ui-testing";
		};
		6A58D3DE27C46602006AC419 /* Tests macOS */ = {
			isa = PBXNativeTarget;
			buildConfigurationList = 6A58D3FC27C46602006AC419 /* Build configuration list for PBXNativeTarget "Tests macOS" */;
			buildPhases = (
				6A58D3DB27C46602006AC419 /* Sources */,
				6A58D3DC27C46602006AC419 /* Frameworks */,
				6A58D3DD27C46602006AC419 /* Resources */,
			);
			buildRules = (
			);
			dependencies = (
				6A58D3E127C46602006AC419 /* PBXTargetDependency */,
			);
			name = "Tests macOS";
			productName = "Tests macOS";
			productReference = 6A58D3DF27C46602006AC419 /* Tests macOS.xctest */;
			productType = "com.apple.product-type.bundle.ui-testing";
		};
/* End PBXNativeTarget section */

/* Begin PBXProject section */
		6A58D3B727C46601006AC419 /* Project object */ = {
			isa = PBXProject;
			attributes = {
				BuildIndependentTargetsInParallel = 1;
				LastSwiftUpdateCheck = 1320;
				LastUpgradeCheck = 1320;
				TargetAttributes = {
					6A58D3C527C46601006AC419 = {
						CreatedOnToolsVersion = 13.2.1;
					};
					6A58D3CB27C46601006AC419 = {
						CreatedOnToolsVersion = 13.2.1;
					};
					6A58D3D227C46601006AC419 = {
						CreatedOnToolsVersion = 13.2.1;
						TestTargetID = 6A58D3C527C46601006AC419;
					};
					6A58D3DE27C46602006AC419 = {
						CreatedOnToolsVersion = 13.2.1;
						TestTargetID = 6A58D3CB27C46601006AC419;
					};
				};
			};
			buildConfigurationList = 6A58D3BA27C46601006AC419 /* Build configuration list for PBXProject "MIDIary" */;
			compatibilityVersion = "Xcode 13.0";
			developmentRegion = en;
			hasScannedForEncodings = 0;
			knownRegions = (
				en,
				Base,
			);
			mainGroup = 6A58D3B627C46601006AC419;
			productRefGroup = 6A58D3C727C46601006AC419 /* Products */;
			projectDirPath = "";
			projectRoot = "";
			targets = (
				6A58D3C527C46601006AC419 /* MIDIary (iOS) */,
				6A58D3CB27C46601006AC419 /* MIDIary (macOS) */,
				6A58D3D227C46601006AC419 /* Tests iOS */,
				6A58D3DE27C46602006AC419 /* Tests macOS */,
			);
		};
/* End PBXProject section */

/* Begin PBXResourcesBuildPhase section */
		6A58D3C427C46601006AC419 /* Resources */ = {
			isa = PBXResourcesBuildPhase;
			buildActionMask = 2147483647;
			files = (
				6A58D3EF27C46602006AC419 /* Assets.xcassets in Resources */,
			);
			runOnlyForDeploymentPostprocessing = 0;
		};
		6A58D3CA27C46601006AC419 /* Resources */ = {
			isa = PBXResourcesBuildPhase;
			buildActionMask = 2147483647;
			files = (
				6A58D3F027C46602006AC419 /* Assets.xcassets in Resources */,
			);
			runOnlyForDeploymentPostprocessing = 0;
		};
		6A58D3D127C46601006AC419 /* Resources */ = {
			isa = PBXResourcesBuildPhase;
			buildActionMask = 2147483647;
			files = (
			);
			runOnlyForDeploymentPostprocessing = 0;
		};
		6A58D3DD27C46602006AC419 /* Resources */ = {
			isa = PBXResourcesBuildPhase;
			buildActionMask = 2147483647;
			files = (
			);
			runOnlyForDeploymentPostprocessing = 0;
		};
/* End PBXResourcesBuildPhase section */

/* Begin PBXSourcesBuildPhase section */
		6A58D3C227C46601006AC419 /* Sources */ = {
			isa = PBXSourcesBuildPhase;
			buildActionMask = 2147483647;
			files = (
				6A58D3E727C46602006AC419 /* MIDIary.xcdatamodeld in Sources */,
				6A58D3ED27C46602006AC419 /* Persistence.swift in Sources */,
				6A58D3E927C46602006AC419 /* MIDIaryApp.swift in Sources */,
				6A58D3EB27C46602006AC419 /* ContentView.swift in Sources */,
			);
			runOnlyForDeploymentPostprocessing = 0;
		};
		6A58D3C827C46601006AC419 /* Sources */ = {
			isa = PBXSourcesBuildPhase;
			buildActionMask = 2147483647;
			files = (
				6A58D3E827C46602006AC419 /* MIDIary.xcdatamodeld in Sources */,
				6A58D3EE27C46602006AC419 /* Persistence.swift in Sources */,
				6A58D3EA27C46602006AC419 /* MIDIaryApp.swift in Sources */,
				6A58D3EC27C46602006AC419 /* ContentView.swift in Sources */,
			);
			runOnlyForDeploymentPostprocessing = 0;
		};
		6A58D3CF27C46601006AC419 /* Sources */ = {
			isa = PBXSourcesBuildPhase;
			buildActionMask = 2147483647;
			files = (
				6A58D3DA27C46601006AC419 /* Tests_iOSLaunchTests.swift in Sources */,
				6A58D3D827C46601006AC419 /* Tests_iOS.swift in Sources */,
			);
			runOnlyForDeploymentPostprocessing = 0;
		};
		6A58D3DB27C46602006AC419 /* Sources */ = {
			isa = PBXSourcesBuildPhase;
			buildActionMask = 2147483647;
			files = (
				6A58D3E627C46602006AC419 /* Tests_macOSLaunchTests.swift in Sources */,
				6A58D3E427C46602006AC419 /* Tests_macOS.swift in Sources */,
			);
			runOnlyForDeploymentPostprocessing = 0;
		};
/* End PBXSourcesBuildPhase section */

/* Begin PBXTargetDependency section */
		6A58D3D527C46601006AC419 /* PBXTargetDependency */ = {
			isa = PBXTargetDependency;
			target = 6A58D3C527C46601006AC419 /* MIDIary (iOS) */;
			targetProxy = 6A58D3D427C46601006AC419 /* PBXContainerItemProxy */;
		};
		6A58D3E127C46602006AC419 /* PBXTargetDependency */ = {
			isa = PBXTargetDependency;
			target = 6A58D3CB27C46601006AC419 /* MIDIary (macOS) */;
			targetProxy = 6A58D3E027C46602006AC419 /* PBXContainerItemProxy */;
		};
/* End PBXTargetDependency section */

/* Begin XCBuildConfiguration section */
		6A58D3F127C46602006AC419 /* Debug */ = {
			isa = XCBuildConfiguration;
			buildSettings = {
				ALWAYS_SEARCH_USER_PATHS = NO;
				CLANG_ANALYZER_NONNULL = YES;
				CLANG_ANALYZER_NUMBER_OBJECT_CONVERSION = YES_AGGRESSIVE;
				CLANG_CXX_LANGUAGE_STANDARD = "gnu++17";
				CLANG_CXX_LIBRARY = "libc++";
				CLANG_ENABLE_MODULES = YES;
				CLANG_ENABLE_OBJC_ARC = YES;
				CLANG_ENABLE_OBJC_WEAK = YES;
				CLANG_WARN_BLOCK_CAPTURE_AUTORELEASING = YES;
				CLANG_WARN_BOOL_CONVERSION = YES;
				CLANG_WARN_COMMA = YES;
				CLANG_WARN_CONSTANT_CONVERSION = YES;
				CLANG_WARN_DEPRECATED_OBJC_IMPLEMENTATIONS = YES;
				CLANG_WARN_DIRECT_OBJC_ISA_USAGE = YES_ERROR;
				CLANG_WARN_DOCUMENTATION_COMMENTS = YES;
				CLANG_WARN_EMPTY_BODY = YES;
				CLANG_WARN_ENUM_CONVERSION = YES;
				CLANG_WARN_INFINITE_RECURSION = YES;
				CLANG_WARN_INT_CONVERSION = YES;
				CLANG_WARN_NON_LITERAL_NULL_CONVERSION = YES;
				CLANG_WARN_OBJC_IMPLICIT_RETAIN_SELF = YES;
				CLANG_WARN_OBJC_LITERAL_CONVERSION = YES;
				CLANG_WARN_OBJC_ROOT_CLASS = YES_ERROR;
				CLANG_WARN_QUOTED_INCLUDE_IN_FRAMEWORK_HEADER = YES;
				CLANG_WARN_RANGE_LOOP_ANALYSIS = YES;
				CLANG_WARN_STRICT_PROTOTYPES = YES;
				CLANG_WARN_SUSPICIOUS_MOVE = YES;
				CLANG_WARN_UNGUARDED_AVAILABILITY = YES_AGGRESSIVE;
				CLANG_WARN_UNREACHABLE_CODE = YES;
				CLANG_WARN__DUPLICATE_METHOD_MATCH = YES;
				COPY_PHASE_STRIP = NO;
				DEBUG_INFORMATION_FORMAT = dwarf;
				ENABLE_STRICT_OBJC_MSGSEND = YES;
				ENABLE_TESTABILITY = YES;
				GCC_C_LANGUAGE_STANDARD = gnu11;
				GCC_DYNAMIC_NO_PIC = NO;
				GCC_NO_COMMON_BLOCKS = YES;
				GCC_OPTIMIZATION_LEVEL = 0;
				GCC_PREPROCESSOR_DEFINITIONS = (
					"DEBUG=1",
					"$(inherited)",
				);
				GCC_WARN_64_TO_32_BIT_CONVERSION = YES;
				GCC_WARN_ABOUT_RETURN_TYPE = YES_ERROR;
				GCC_WARN_UNDECLARED_SELECTOR = YES;
				GCC_WARN_UNINITIALIZED_AUTOS = YES_AGGRESSIVE;
				GCC_WARN_UNUSED_FUNCTION = YES;
				GCC_WARN_UNUSED_VARIABLE = YES;
				MTL_ENABLE_DEBUG_INFO = INCLUDE_SOURCE;
				MTL_FAST_MATH = YES;
				ONLY_ACTIVE_ARCH = YES;
				SWIFT_ACTIVE_COMPILATION_CONDITIONS = DEBUG;
				SWIFT_OPTIMIZATION_LEVEL = "-Onone";
			};
			name = Debug;
		};
		6A58D3F227C46602006AC419 /* Release */ = {
			isa = XCBuildConfiguration;
			buildSettings = {
				ALWAYS_SEARCH_USER_PATHS = NO;
				CLANG_ANALYZER_NONNULL = YES;
				CLANG_ANALYZER_NUMBER_OBJECT_CONVERSION = YES_AGGRESSIVE;
				CLANG_CXX_LANGUAGE_STANDARD = "gnu++17";
				CLANG_CXX_LIBRARY = "libc++";
				CLANG_ENABLE_MODULES = YES;
				CLANG_ENABLE_OBJC_ARC = YES;
				CLANG_ENABLE_OBJC_WEAK = YES;
				CLANG_WARN_BLOCK_CAPTURE_AUTORELEASING = YES;
				CLANG_WARN_BOOL_CONVERSION = YES;
				CLANG_WARN_COMMA = YES;
				CLANG_WARN_CONSTANT_CONVERSION = YES;
				CLANG_WARN_DEPRECATED_OBJC_IMPLEMENTATIONS = YES;
				CLANG_WARN_DIRECT_OBJC_ISA_USAGE = YES_ERROR;
				CLANG_WARN_DOCUMENTATION_COMMENTS = YES;
				CLANG_WARN_EMPTY_BODY = YES;
				CLANG_WARN_ENUM_CONVERSION = YES;
				CLANG_WARN_INFINITE_RECURSION = YES;
				CLANG_WARN_INT_CONVERSION = YES;
				CLANG_WARN_NON_LITERAL_NULL_CONVERSION = YES;
				CLANG_WARN_OBJC_IMPLICIT_RETAIN_SELF = YES;
				CLANG_WARN_OBJC_LITERAL_CONVERSION = YES;
				CLANG_WARN_OBJC_ROOT_CLASS = YES_ERROR;
				CLANG_WARN_QUOTED_INCLUDE_IN_FRAMEWORK_HEADER = YES;
				CLANG_WARN_RANGE_LOOP_ANALYSIS = YES;
				CLANG_WARN_STRICT_PROTOTYPES = YES;
				CLANG_WARN_SUSPICIOUS_MOVE = YES;
				CLANG_WARN_UNGUARDED_AVAILABILITY = YES_AGGRESSIVE;
				CLANG_WARN_UNREACHABLE_CODE = YES;
				CLANG_WARN__DUPLICATE_METHOD_MATCH = YES;
				COPY_PHASE_STRIP = NO;
				DEBUG_INFORMATION_FORMAT = "dwarf-with-dsym";
				ENABLE_NS_ASSERTIONS = NO;
				ENABLE_STRICT_OBJC_MSGSEND = YES;
				GCC_C_LANGUAGE_STANDARD = gnu11;
				GCC_NO_COMMON_BLOCKS = YES;
				GCC_WARN_64_TO_32_BIT_CONVERSION = YES;
				GCC_WARN_ABOUT_RETURN_TYPE = YES_ERROR;
				GCC_WARN_UNDECLARED_SELECTOR = YES;
				GCC_WARN_UNINITIALIZED_AUTOS = YES_AGGRESSIVE;
				GCC_WARN_UNUSED_FUNCTION = YES;
				GCC_WARN_UNUSED_VARIABLE = YES;
				MTL_ENABLE_DEBUG_INFO = NO;
				MTL_FAST_MATH = YES;
				SWIFT_COMPILATION_MODE = wholemodule;
				SWIFT_OPTIMIZATION_LEVEL = "-O";
			};
			name = Release;
		};
		6A58D3F427C46602006AC419 /* Debug */ = {
			isa = XCBuildConfiguration;
			buildSettings = {
				ASSETCATALOG_COMPILER_APPICON_NAME = AppIcon;
				ASSETCATALOG_COMPILER_GLOBAL_ACCENT_COLOR_NAME = AccentColor;
				CODE_SIGN_STYLE = Automatic;
				CURRENT_PROJECT_VERSION = 1;
				DEVELOPMENT_TEAM = Y3G92HH8YD;
				ENABLE_PREVIEWS = YES;
				GENERATE_INFOPLIST_FILE = YES;
				INFOPLIST_KEY_UIApplicationSceneManifest_Generation = YES;
				INFOPLIST_KEY_UIApplicationSupportsIndirectInputEvents = YES;
				INFOPLIST_KEY_UILaunchScreen_Generation = YES;
				INFOPLIST_KEY_UISupportedInterfaceOrientations_iPad = "UIInterfaceOrientationPortrait UIInterfaceOrientationPortraitUpsideDown UIInterfaceOrientationLandscapeLeft UIInterfaceOrientationLandscapeRight";
				INFOPLIST_KEY_UISupportedInterfaceOrientations_iPhone = "UIInterfaceOrientationPortrait UIInterfaceOrientationLandscapeLeft UIInterfaceOrientationLandscapeRight";
				IPHONEOS_DEPLOYMENT_TARGET = 15.2;
				LD_RUNPATH_SEARCH_PATHS = (
					"$(inherited)",
					"@executable_path/Frameworks",
				);
				MARKETING_VERSION = 1.0;
				PRODUCT_BUNDLE_IDENTIFIER = com.kerriconsults.MIDIary;
				PRODUCT_NAME = MIDIary;
				SDKROOT = iphoneos;
				SWIFT_EMIT_LOC_STRINGS = YES;
				SWIFT_VERSION = 5.0;
				TARGETED_DEVICE_FAMILY = "1,2";
			};
			name = Debug;
		};
		6A58D3F527C46602006AC419 /* Release */ = {
			isa = XCBuildConfiguration;
			buildSettings = {
				ASSETCATALOG_COMPILER_APPICON_NAME = AppIcon;
				ASSETCATALOG_COMPILER_GLOBAL_ACCENT_COLOR_NAME = AccentColor;
				CODE_SIGN_STYLE = Automatic;
				CURRENT_PROJECT_VERSION = 1;
				DEVELOPMENT_TEAM = Y3G92HH8YD;
				ENABLE_PREVIEWS = YES;
				GENERATE_INFOPLIST_FILE = YES;
				INFOPLIST_KEY_UIApplicationSceneManifest_Generation = YES;
				INFOPLIST_KEY_UIApplicationSupportsIndirectInputEvents = YES;
				INFOPLIST_KEY_UILaunchScreen_Generation = YES;
				INFOPLIST_KEY_UISupportedInterfaceOrientations_iPad = "UIInterfaceOrientationPortrait UIInterfaceOrientationPortraitUpsideDown UIInterfaceOrientationLandscapeLeft UIInterfaceOrientationLandscapeRight";
				INFOPLIST_KEY_UISupportedInterfaceOrientations_iPhone = "UIInterfaceOrientationPortrait UIInterfaceOrientationLandscapeLeft UIInterfaceOrientationLandscapeRight";
				IPHONEOS_DEPLOYMENT_TARGET = 15.2;
				LD_RUNPATH_SEARCH_PATHS = (
					"$(inherited)",
					"@executable_path/Frameworks",
				);
				MARKETING_VERSION = 1.0;
				PRODUCT_BUNDLE_IDENTIFIER = com.kerriconsults.MIDIary;
				PRODUCT_NAME = MIDIary;
				SDKROOT = iphoneos;
				SWIFT_EMIT_LOC_STRINGS = YES;
				SWIFT_VERSION = 5.0;
				TARGETED_DEVICE_FAMILY = "1,2";
				VALIDATE_PRODUCT = YES;
			};
			name = Release;
		};
		6A58D3F727C46602006AC419 /* Debug */ = {
			isa = XCBuildConfiguration;
			buildSettings = {
				ASSETCATALOG_COMPILER_APPICON_NAME = AppIcon;
				ASSETCATALOG_COMPILER_GLOBAL_ACCENT_COLOR_NAME = AccentColor;
				CODE_SIGN_ENTITLEMENTS = macOS/macOS.entitlements;
				CODE_SIGN_STYLE = Automatic;
				COMBINE_HIDPI_IMAGES = YES;
				CURRENT_PROJECT_VERSION = 1;
				DEVELOPMENT_TEAM = Y3G92HH8YD;
				ENABLE_HARDENED_RUNTIME = YES;
				ENABLE_PREVIEWS = YES;
				GENERATE_INFOPLIST_FILE = YES;
				INFOPLIST_KEY_NSHumanReadableCopyright = "";
				LD_RUNPATH_SEARCH_PATHS = (
					"$(inherited)",
					"@executable_path/../Frameworks",
				);
				MACOSX_DEPLOYMENT_TARGET = 12.1;
				MARKETING_VERSION = 1.0;
				PRODUCT_BUNDLE_IDENTIFIER = com.kerriconsults.MIDIary;
				PRODUCT_NAME = MIDIary;
				SDKROOT = macosx;
				SWIFT_EMIT_LOC_STRINGS = YES;
				SWIFT_VERSION = 5.0;
			};
			name = Debug;
		};
		6A58D3F827C46602006AC419 /* Release */ = {
			isa = XCBuildConfiguration;
			buildSettings = {
				ASSETCATALOG_COMPILER_APPICON_NAME = AppIcon;
				ASSETCATALOG_COMPILER_GLOBAL_ACCENT_COLOR_NAME = AccentColor;
				CODE_SIGN_ENTITLEMENTS = macOS/macOS.entitlements;
				CODE_SIGN_STYLE = Automatic;
				COMBINE_HIDPI_IMAGES = YES;
				CURRENT_PROJECT_VERSION = 1;
				DEVELOPMENT_TEAM = Y3G92HH8YD;
				ENABLE_HARDENED_RUNTIME = YES;
				ENABLE_PREVIEWS = YES;
				GENERATE_INFOPLIST_FILE = YES;
				INFOPLIST_KEY_NSHumanReadableCopyright = "";
				LD_RUNPATH_SEARCH_PATHS = (
					"$(inherited)",
					"@executable_path/../Frameworks",
				);
				MACOSX_DEPLOYMENT_TARGET = 12.1;
				MARKETING_VERSION = 1.0;
				PRODUCT_BUNDLE_IDENTIFIER = com.kerriconsults.MIDIary;
				PRODUCT_NAME = MIDIary;
				SDKROOT = macosx;
				SWIFT_EMIT_LOC_STRINGS = YES;
				SWIFT_VERSION = 5.0;
			};
			name = Release;
		};
		6A58D3FA27C46602006AC419 /* Debug */ = {
			isa = XCBuildConfiguration;
			buildSettings = {
				ALWAYS_EMBED_SWIFT_STANDARD_LIBRARIES = YES;
				CODE_SIGN_STYLE = Automatic;
				CURRENT_PROJECT_VERSION = 1;
				DEVELOPMENT_TEAM = Y3G92HH8YD;
				GENERATE_INFOPLIST_FILE = YES;
				IPHONEOS_DEPLOYMENT_TARGET = 15.2;
				MARKETING_VERSION = 1.0;
				PRODUCT_BUNDLE_IDENTIFIER = "com.kerriconsults.Tests-iOS";
				PRODUCT_NAME = "$(TARGET_NAME)";
				SDKROOT = iphoneos;
				SWIFT_EMIT_LOC_STRINGS = NO;
				SWIFT_VERSION = 5.0;
				TARGETED_DEVICE_FAMILY = "1,2";
				TEST_TARGET_NAME = "MIDIary (iOS)";
			};
			name = Debug;
		};
		6A58D3FB27C46602006AC419 /* Release */ = {
			isa = XCBuildConfiguration;
			buildSettings = {
				ALWAYS_EMBED_SWIFT_STANDARD_LIBRARIES = YES;
				CODE_SIGN_STYLE = Automatic;
				CURRENT_PROJECT_VERSION = 1;
				DEVELOPMENT_TEAM = Y3G92HH8YD;
				GENERATE_INFOPLIST_FILE = YES;
				IPHONEOS_DEPLOYMENT_TARGET = 15.2;
				MARKETING_VERSION = 1.0;
				PRODUCT_BUNDLE_IDENTIFIER = "com.kerriconsults.Tests-iOS";
				PRODUCT_NAME = "$(TARGET_NAME)";
				SDKROOT = iphoneos;
				SWIFT_EMIT_LOC_STRINGS = NO;
				SWIFT_VERSION = 5.0;
				TARGETED_DEVICE_FAMILY = "1,2";
				TEST_TARGET_NAME = "MIDIary (iOS)";
				VALIDATE_PRODUCT = YES;
			};
			name = Release;
		};
		6A58D3FD27C46602006AC419 /* Debug */ = {
			isa = XCBuildConfiguration;
			buildSettings = {
				ALWAYS_EMBED_SWIFT_STANDARD_LIBRARIES = YES;
				CODE_SIGN_STYLE = Automatic;
				CURRENT_PROJECT_VERSION = 1;
				DEVELOPMENT_TEAM = Y3G92HH8YD;
				GENERATE_INFOPLIST_FILE = YES;
				MACOSX_DEPLOYMENT_TARGET = 12.1;
				MARKETING_VERSION = 1.0;
				PRODUCT_BUNDLE_IDENTIFIER = "com.kerriconsults.Tests-macOS";
				PRODUCT_NAME = "$(TARGET_NAME)";
				SDKROOT = macosx;
				SWIFT_EMIT_LOC_STRINGS = NO;
				SWIFT_VERSION = 5.0;
				TEST_TARGET_NAME = "MIDIary (macOS)";
			};
			name = Debug;
		};
		6A58D3FE27C46602006AC419 /* Release */ = {
			isa = XCBuildConfiguration;
			buildSettings = {
				ALWAYS_EMBED_SWIFT_STANDARD_LIBRARIES = YES;
				CODE_SIGN_STYLE = Automatic;
				CURRENT_PROJECT_VERSION = 1;
				DEVELOPMENT_TEAM = Y3G92HH8YD;
				GENERATE_INFOPLIST_FILE = YES;
				MACOSX_DEPLOYMENT_TARGET = 12.1;
				MARKETING_VERSION = 1.0;
				PRODUCT_BUNDLE_IDENTIFIER = "com.kerriconsults.Tests-macOS";
				PRODUCT_NAME = "$(TARGET_NAME)";
				SDKROOT = macosx;
				SWIFT_EMIT_LOC_STRINGS = NO;
				SWIFT_VERSION = 5.0;
				TEST_TARGET_NAME = "MIDIary (macOS)";
			};
			name = Release;
		};
/* End XCBuildConfiguration section */

/* Begin XCConfigurationList section */
		6A58D3BA27C46601006AC419 /* Build configuration list for PBXProject "MIDIary" */ = {
			isa = XCConfigurationList;
			buildConfigurations = (
				6A58D3F127C46602006AC419 /* Debug */,
				6A58D3F227C46602006AC419 /* Release */,
			);
			defaultConfigurationIsVisible = 0;
			defaultConfigurationName = Release;
		};
		6A58D3F327C46602006AC419 /* Build configuration list for PBXNativeTarget "MIDIary (iOS)" */ = {
			isa = XCConfigurationList;
			buildConfigurations = (
				6A58D3F427C46602006AC419 /* Debug */,
				6A58D3F527C46602006AC419 /* Release */,
			);
			defaultConfigurationIsVisible = 0;
			defaultConfigurationName = Release;
		};
		6A58D3F627C46602006AC419 /* Build configuration list for PBXNativeTarget "MIDIary (macOS)" */ = {
			isa = XCConfigurationList;
			buildConfigurations = (
				6A58D3F727C46602006AC419 /* Debug */,
				6A58D3F827C46602006AC419 /* Release */,
			);
			defaultConfigurationIsVisible = 0;
			defaultConfigurationName = Release;
		};
		6A58D3F927C46602006AC419 /* Build configuration list for PBXNativeTarget "Tests iOS" */ = {
			isa = XCConfigurationList;
			buildConfigurations = (
				6A58D3FA27C46602006AC419 /* Debug */,
				6A58D3FB27C46602006AC419 /* Release */,
			);
			defaultConfigurationIsVisible = 0;
			defaultConfigurationName = Release;
		};
		6A58D3FC27C46602006AC419 /* Build configuration list for PBXNativeTarget "Tests macOS" */ = {
			isa = XCConfigurationList;
			buildConfigurations = (
				6A58D3FD27C46602006AC419 /* Debug */,
				6A58D3FE27C46602006AC419 /* Release */,
			);
			defaultConfigurationIsVisible = 0;
			defaultConfigurationName = Release;
		};
/* End XCConfigurationList section */

/* Begin XCVersionGroup section */
		6A58D3BC27C46601006AC419 /* MIDIary.xcdatamodeld */ = {
			isa = XCVersionGroup;
			children = (
				6A58D3BD27C46601006AC419 /* Shared.xcdatamodel */,
			);
			currentVersion = 6A58D3BD27C46601006AC419 /* Shared.xcdatamodel */;
			path = MIDIary.xcdatamodeld;
			sourceTree = "<group>";
			versionGroupType = wrapper.xcdatamodel;
		};
/* End XCVersionGroup section */
	};
	rootObject = 6A58D3B727C46601006AC419 /* Project object */;
}
